
Microsoft Visual Studio Solution File, Format Version 12.00
# Visual Studio Version 17
VisualStudioVersion = 17.14.36401.2 d17.14
MinimumVisualStudioVersion = 10.0.40219.1
Project("{FAE04EC0-301F-11D3-BF4B-00C04F79EFBC}") = "LOginDemo", "LOginDemo\LOginDemo.csproj", "{D9CB4388-842D-471C-A88E-2A33E9ABA0A6}"
EndProject
Global
	GlobalSection(SolutionConfigurationPlatforms) = preSolution
		Debug|Any CPU = Debug|Any CPU
		Release|Any CPU = Release|Any CPU
	EndGlobalSection
	GlobalSection(ProjectConfigurationPlatforms) = postSolution
		{D9CB4388-842D-471C-A88E-2A33E9ABA0A6}.Debug|Any CPU.ActiveCfg = Debug|Any CPU
		{D9CB4388-842D-471C-A88E-2A33E9ABA0A6}.Debug|Any CPU.Build.0 = Debug|Any CPU
		{D9CB4388-842D-471C-A88E-2A33E9ABA0A6}.Release|Any CPU.ActiveCfg = Release|Any CPU
		{D9CB4388-842D-471C-A88E-2A33E9ABA0A6}.Release|Any CPU.Build.0 = Release|Any CPU
	EndGlobalSection
	GlobalSection(SolutionProperties) = preSolution
		HideSolutionNode = FALSE
	EndGlobalSection
	GlobalSection(ExtensibilityGlobals) = postSolution
		SolutionGuid = {767B32C8-A5F6-42C8-A651-8C3074F27FB9}
	EndGlobalSection
EndGlobal
